
Microsoft Visual Studio Solution File, Format Version 12.00
# Visual Studio Version 17
VisualStudioVersion = 17.14.36518.9
MinimumVisualStudioVersion = 10.0.40219.1
Project("{FAE04EC0-301F-11D3-BF4B-00C04F79EFBC}") = "WebAPI", "WebAPI\WebAPI.csproj", "{48A77951-7993-48F3-8F59-81DD539C7FB1}"
EndProject
Global
	GlobalSection(SolutionConfigurationPlatforms) = preSolution
		Debug|Any CPU = Debug|Any CPU
		Release|Any CPU = Release|Any CPU
	EndGlobalSection
	GlobalSection(ProjectConfigurationPlatforms) = postSolution
		{48A77951-7993-48F3-8F59-81DD539C7FB1}.Debug|Any CPU.ActiveCfg = Debug|Any CPU
		{48A77951-7993-48F3-8F59-81DD539C7FB1}.Debug|Any CPU.Build.0 = Debug|Any CPU
		{48A77951-7993-48F3-8F59-81DD539C7FB1}.Release|Any CPU.ActiveCfg = Release|Any CPU
		{48A77951-7993-48F3-8F59-81DD539C7FB1}.Release|Any CPU.Build.0 = Release|Any CPU
	EndGlobalSection
	GlobalSection(SolutionProperties) = preSolution
		HideSolutionNode = FALSE
	EndGlobalSection
	GlobalSection(ExtensibilityGlobals) = postSolution
		SolutionGuid = {CDD35505-3262-4990-B49D-A34D0460C9A1}
	EndGlobalSection
EndGlobal
